
Microsoft Visual Studio Solution File, Format Version 12.00
# Visual Studio 15
VisualStudioVersion = 15.0.26430.14
MinimumVisualStudioVersion = 10.0.40219.1
Project("{2150E333-8FDC-42A3-9474-1A3956D46DE8}") = "Docs", "Docs", "{BB30F280-9FD5-4F5C-9B1B-93BBE536EE51}"
	ProjectSection(SolutionItems) = preProject
		BUILD.txt = BUILD.txt
		CHANGELOG.txt = CHANGELOG.txt
		INSTALL.txt = INSTALL.txt
		LICENSE.txt = LICENSE.txt
		README.txt = README.txt
	EndProjectSection
EndProject
Project("{FAE04EC0-301F-11D3-BF4B-00C04F79EFBC}") = "SolutionConfigurationNameVS15", "SolutionConfigurationName\SolutionConfigurationNameVS15.csproj", "{0DCCDBFC-0331-4A81-96FC-9704F703D7A8}"
EndProject
Project("{FAE04EC0-301F-11D3-BF4B-00C04F79EFBC}") = "SolutionConfigurationNameMEF", "SolutionConfigurationNameMEF\SolutionConfigurationNameMEF.csproj", "{68C6483B-5E4C-4A97-8021-4881B7578815}"
EndProject
Global
	GlobalSection(SolutionConfigurationPlatforms) = preSolution
		Debug|Any CPU = Debug|Any CPU
		Release|Any CPU = Release|Any CPU
	EndGlobalSection
	GlobalSection(ProjectConfigurationPlatforms) = postSolution
		{0DCCDBFC-0331-4A81-96FC-9704F703D7A8}.Debug|Any CPU.ActiveCfg = Debug|Any CPU
		{0DCCDBFC-0331-4A81-96FC-9704F703D7A8}.Debug|Any CPU.Build.0 = Debug|Any CPU
		{0DCCDBFC-0331-4A81-96FC-9704F703D7A8}.Release|Any CPU.ActiveCfg = Release|Any CPU
		{0DCCDBFC-0331-4A81-96FC-9704F703D7A8}.Release|Any CPU.Build.0 = Release|Any CPU
		{68C6483B-5E4C-4A97-8021-4881B7578815}.Debug|Any CPU.ActiveCfg = Debug|Any CPU
		{68C6483B-5E4C-4A97-8021-4881B7578815}.Debug|Any CPU.Build.0 = Debug|Any CPU
		{68C6483B-5E4C-4A97-8021-4881B7578815}.Release|Any CPU.ActiveCfg = Release|Any CPU
		{68C6483B-5E4C-4A97-8021-4881B7578815}.Release|Any CPU.Build.0 = Release|Any CPU
	EndGlobalSection
	GlobalSection(SolutionProperties) = preSolution
		HideSolutionNode = FALSE
	EndGlobalSection
EndGlobal
