
Microsoft Visual Studio Solution File, Format Version 12.00
# Visual Studio 15
VisualStudioVersion = 15.0.26430.12
MinimumVisualStudioVersion = 10.0.40219.1
Project("{8BC9CEB8-8B4A-11D0-8D11-00A0C91BC942}") = "ConsoleApp", "ConsoleApp\ConsoleApp.VS15.vcxproj", "{4E6DB4CF-9A16-4397-9B4E-FC3A998D72E8}"
EndProject
Project("{8BC9CEB8-8B4A-11D0-8D11-00A0C91BC942}") = "LibDll", "LibDll\LibDll.VS15.vcxproj", "{2F5A9193-E1AF-46F9-9FE0-76422C77FC9E}"
EndProject
Project("{2150E333-8FDC-42A3-9474-1A3956D46DE8}") = "Solution Items", "Solution Items", "{96498FD1-B644-416F-96B2-87D1E9F554ED}"
	ProjectSection(SolutionItems) = preProject
		..\Test.txt = ..\Test.txt
	EndProjectSection
EndProject
Global
	GlobalSection(SolutionConfigurationPlatforms) = preSolution
		Debug|Win32 = Debug|Win32
		Release|Win32 = Release|Win32
	EndGlobalSection
	GlobalSection(ProjectConfigurationPlatforms) = postSolution
		{4E6DB4CF-9A16-4397-9B4E-FC3A998D72E8}.Debug|Win32.ActiveCfg = Debug|Win32
		{4E6DB4CF-9A16-4397-9B4E-FC3A998D72E8}.Debug|Win32.Build.0 = Debug|Win32
		{4E6DB4CF-9A16-4397-9B4E-FC3A998D72E8}.Release|Win32.ActiveCfg = Release|Win32
		{4E6DB4CF-9A16-4397-9B4E-FC3A998D72E8}.Release|Win32.Build.0 = Release|Win32
		{2F5A9193-E1AF-46F9-9FE0-76422C77FC9E}.Debug|Win32.ActiveCfg = Release|Win32
		{2F5A9193-E1AF-46F9-9FE0-76422C77FC9E}.Debug|Win32.Build.0 = Release|Win32
		{2F5A9193-E1AF-46F9-9FE0-76422C77FC9E}.Release|Win32.ActiveCfg = Release|Win32
		{2F5A9193-E1AF-46F9-9FE0-76422C77FC9E}.Release|Win32.Build.0 = Release|Win32
	EndGlobalSection
	GlobalSection(SolutionProperties) = preSolution
		HideSolutionNode = FALSE
	EndGlobalSection
EndGlobal
